
Microsoft Visual Studio Solution File, Format Version 12.00
# Visual Studio Version 17
VisualStudioVersion = 17.10.35013.160
MinimumVisualStudioVersion = 10.0.40219.1
Project("{FAE04EC0-301F-11D3-BF4B-00C04F79EFBC}") = "sample", "sample\sample.csproj", "{74441BD9-453E-4AD9-ACB1-8F5017C5A887}"
EndProject
Global
	GlobalSection(SolutionConfigurationPlatforms) = preSolution
		Debug|Any CPU = Debug|Any CPU
		Release|Any CPU = Release|Any CPU
	EndGlobalSection
	GlobalSection(ProjectConfigurationPlatforms) = postSolution
		{74441BD9-453E-4AD9-ACB1-8F5017C5A887}.Debug|Any CPU.ActiveCfg = Debug|Any CPU
		{74441BD9-453E-4AD9-ACB1-8F5017C5A887}.Debug|Any CPU.Build.0 = Debug|Any CPU
		{74441BD9-453E-4AD9-ACB1-8F5017C5A887}.Release|Any CPU.ActiveCfg = Release|Any CPU
		{74441BD9-453E-4AD9-ACB1-8F5017C5A887}.Release|Any CPU.Build.0 = Release|Any CPU
	EndGlobalSection
	GlobalSection(SolutionProperties) = preSolution
		HideSolutionNode = FALSE
	EndGlobalSection
	GlobalSection(ExtensibilityGlobals) = postSolution
		SolutionGuid = {C48A884F-37FD-40AC-8E1F-79A72022136C}
	EndGlobalSection
EndGlobal
